// !$*UTF8*$!
{
	archiveVersion = 1;
	classes = {
	};
	objectVersion = 77;
	objects = {

/* Begin PBXBuildFile section */
		A11B22C33D44E55F66778899 /* AppletBridgeNativeModule.swift in Sources */ = {isa = PBXBuildFile; fileRef = A11B22C33D44E55F66778898 /* AppletBridgeNativeModule.swift */; };
		01CB8559399F6A2486E68CAB /* SettingsScreen.swift in Sources */ = {isa = PBXBuildFile; fileRef = E28C37E94634189091F96DAC /* SettingsScreen.swift */; };
		073CE2953514FF910733C5FB /* TimelineScreen.swift in Sources */ = {isa = PBXBuildFile; fileRef = 73B3C18CBAE47BF960761988 /* TimelineScreen.swift */; };
		0F1660B8C4C15F6908F2B79D /* ColorTokens.swift in Sources */ = {isa = PBXBuildFile; fileRef = 97AF5750C41D2DDC7A268E0A /* ColorTokens.swift */; };
		1C99CBE61B60547355312899 /* AppDelegate.swift in Sources */ = {isa = PBXBuildFile; fileRef = 9EE07186F15A58FD9482F9C1 /* AppDelegate.swift */; };
		1CB5B6365D2D07F891DB595F /* Pods_PeersTouch.framework in Frameworks */ = {isa = PBXBuildFile; fileRef = 0F0E0C85E8EB5B645B597834 /* Pods_PeersTouch.framework */; };
		1CCA410577655F2EB9188D0C /* ChatViewModel.swift in Sources */ = {isa = PBXBuildFile; fileRef = 6AC3EAA80EE0F4938F7FBB13 /* ChatViewModel.swift */; };
		1D08190498DEFE19C5977798 /* ChatScreen.swift in Sources */ = {isa = PBXBuildFile; fileRef = CC69AC98C3162B527283C854 /* ChatScreen.swift */; };
		20B588653202F9F9A6429272 /* DeviceBridgeModule.swift in Sources */ = {isa = PBXBuildFile; fileRef = 73C526281909786CDFB9EAD9 /* DeviceBridgeModule.swift */; };
		21FCFC7197CEE2C5EADCF3EC /* SettingsRepository.swift in Sources */ = {isa = PBXBuildFile; fileRef = ACDB7E16D59B86277692DAB3 /* SettingsRepository.swift */; };
		24A5D362AC436DA0FA992B9B /* AIViewModel.swift in Sources */ = {isa = PBXBuildFile; fileRef = 5B4F09E484682A8B35D6059E /* AIViewModel.swift */; };
		2AC4C71DEAF5A3BA8DDCF8E3 /* AppletsViewModel.swift in Sources */ = {isa = PBXBuildFile; fileRef = 4A1104DA634575D588953E1F /* AppletsViewModel.swift */; };
		2C51887E42DFA5070C9A5476 /* SearchViewModel.swift in Sources */ = {isa = PBXBuildFile; fileRef = 019517C75BAD1DE60FD85449 /* SearchViewModel.swift */; };
		3000F68588DB62507383377D /* BridgeDispatcher.swift in Sources */ = {isa = PBXBuildFile; fileRef = 707363E93F949FF41FAA60C9 /* BridgeDispatcher.swift */; };
		308279D80A996CCC7775534E /* AIScreen.swift in Sources */ = {isa = PBXBuildFile; fileRef = 06B925F7D90C01948A54B44B /* AIScreen.swift */; };
		315F31BD232976806C5E3CAE /* AppDatabase.swift in Sources */ = {isa = PBXBuildFile; fileRef = F6F56902CC09C460F7FD0045 /* AppDatabase.swift */; };
		3420B0E68E1E33DBA94AF76E /* ChatRepository.swift in Sources */ = {isa = PBXBuildFile; fileRef = 675A97861CED793DF7005602 /* ChatRepository.swift */; };
		34AE8EDFEC2F3039485FDCA1 /* SearchScreen.swift in Sources */ = {isa = PBXBuildFile; fileRef = 2C7FADEBA9BF271472EE6090 /* SearchScreen.swift */; };
		3530E46DB572CF6BF2BFE2CC /* AppletContainerView.swift in Sources */ = {isa = PBXBuildFile; fileRef = A636FF55B360CA0D3B8835F2 /* AppletContainerView.swift */; };
		36FAB939B8E0BED37A6D5810 /* IMAddFriendScreen.swift in Sources */ = {isa = PBXBuildFile; fileRef = 195D12BFEFBCBA1294496A34 /* IMAddFriendScreen.swift */; };
		3ED3C0F36F98ADD0004D9C5A /* UIBridgeModule.swift in Sources */ = {isa = PBXBuildFile; fileRef = 41BBA60582070AE6D7A68CED /* UIBridgeModule.swift */; };
		426E8D9F5C613F1E77D25174 /* SystemBridgeModule.swift in Sources */ = {isa = PBXBuildFile; fileRef = 07F8896D293D14197D48E419 /* SystemBridgeModule.swift */; };
		4317355FB9D744E87A836934 /* StorageBridgeModule.swift in Sources */ = {isa = PBXBuildFile; fileRef = 9DAC52366A1B3015F1DEF8DA /* StorageBridgeModule.swift */; };
		482D22B7123E2E48DBA547A1 /* Theme.swift in Sources */ = {isa = PBXBuildFile; fileRef = 014AF2F71F94B6B157329126 /* Theme.swift */; };
		48812F5EF4978B9ECFD45076 /* LynxEngineManager.swift in Sources */ = {isa = PBXBuildFile; fileRef = 2AE6FF8EF7B325F01E3F2CEA /* LynxEngineManager.swift */; };
		4B1E2F236CE314FE25668023 /* ProfileScreen.swift in Sources */ = {isa = PBXBuildFile; fileRef = 0720DEEEC717695AE147CE53 /* ProfileScreen.swift */; };
		4B994FAF090D0677D81E77F7 /* PreferenceStore.swift in Sources */ = {isa = PBXBuildFile; fileRef = 2731A7F4BDB3C5A852624FAA /* PreferenceStore.swift */; };
		524E21239AAD235DF99A09CB /* MemoryRepository.swift in Sources */ = {isa = PBXBuildFile; fileRef = 40D7A189C9DCC501EC5B8421 /* MemoryRepository.swift */; };
		5413B3F582AD5233B524EFF1 /* NetworkBridgeModule.swift in Sources */ = {isa = PBXBuildFile; fileRef = 67E0804B78B357A0CCDE14A2 /* NetworkBridgeModule.swift */; };
		5B7BE20D42464EFF6CC90CB6 /* UserNotifications.framework in Frameworks */ = {isa = PBXBuildFile; fileRef = FCF76B96B1D976CDB7B4B54A /* UserNotifications.framework */; };
		5C7D2642C61FFFF700447390 /* ChannelsViewModel.swift in Sources */ = {isa = PBXBuildFile; fileRef = F2BDBB998FBC136B8667C107 /* ChannelsViewModel.swift */; };
		63A43141754862991CFF4FC8 /* AppletsRepository.swift in Sources */ = {isa = PBXBuildFile; fileRef = 07FDC1B5CBDBC5A69B59A7D8 /* AppletsRepository.swift */; };
		6573D109350AEC646034F220 /* SwiftUI.framework in Frameworks */ = {isa = PBXBuildFile; fileRef = B47DFCA19DAE478A907B61F6 /* SwiftUI.framework */; };
		68E056C2A4EA4DA769F0B0BB /* LoginScreen.swift in Sources */ = {isa = PBXBuildFile; fileRef = 56BE273AC49759FAB6C52226 /* LoginScreen.swift */; };
		6AF7EC00AAB840817CE95A87 /* AuthScreen.swift in Sources */ = {isa = PBXBuildFile; fileRef = 781AB51666DE7C0981B22601 /* AuthScreen.swift */; };
		6CADBCCB9C5E9F26D31E4755 /* Container.swift in Sources */ = {isa = PBXBuildFile; fileRef = B8651A9D526BB8BBEB7F15A0 /* Container.swift */; };
		6D391711C0B7763AB3F91FFE /* HomeViewModel.swift in Sources */ = {isa = PBXBuildFile; fileRef = F3B33BD3A7EAD0F96F435CA3 /* HomeViewModel.swift */; };
		6DEEC88E5062E609CD935E8A /* AppTabView.swift in Sources */ = {isa = PBXBuildFile; fileRef = 6B8DE883D3AA41D22D5FD672 /* AppTabView.swift */; };
		70E8EA44AB8A1D44A21970CC /* UIKit.framework in Frameworks */ = {isa = PBXBuildFile; fileRef = 88CF4FF409FB3AEDF1D70B79 /* UIKit.framework */; };
		742B4F4C6339FADC83142FF2 /* MemoryScreen.swift in Sources */ = {isa = PBXBuildFile; fileRef = 0D0643F7641747CCED4B6A03 /* MemoryScreen.swift */; };
		824508967FC162B0FD17E3D1 /* Router.swift in Sources */ = {isa = PBXBuildFile; fileRef = 445ED95FCD10E5B547F8D28A /* Router.swift */; };
		842EFB63AF36EA5C9B072DB5 /* TimelineViewModel.swift in Sources */ = {isa = PBXBuildFile; fileRef = C2146649A969A624AF9A84BC /* TimelineViewModel.swift */; };
		84E030A6E44D273DD4FB8CD9 /* ProfileViewModel.swift in Sources */ = {isa = PBXBuildFile; fileRef = 6CA7F157C875590D4D4CC692 /* ProfileViewModel.swift */; };
		85444C713C11F3387EE24009 /* AIRepository.swift in Sources */ = {isa = PBXBuildFile; fileRef = 6AEF0443B0D52ECE9849BE11 /* AIRepository.swift */; };
		8D17314ADA26D0F4B0EE2933 /* SearchRepository.swift in Sources */ = {isa = PBXBuildFile; fileRef = 4B505549CC222D50F2C5B15D /* SearchRepository.swift */; };
		8D67B1568B3FFB45AD6A357D /* AppletBridgeSession.swift in Sources */ = {isa = PBXBuildFile; fileRef = D5B78C15F90E5072379A0B2C /* AppletBridgeSession.swift */; };
		8DE750B3C69DA96B14809550 /* EventStreamClient.swift in Sources */ = {isa = PBXBuildFile; fileRef = 1F9F039F768C240221E898FA /* EventStreamClient.swift */; };
		8DFE3401F0A64E80DBB0509B /* AuthRepository.swift in Sources */ = {isa = PBXBuildFile; fileRef = A42350AFD6F0CD13B3CFEC21 /* AuthRepository.swift */; };
		8F79A1E7D9424F9D8A5E15AA /* AppletManifest.swift in Sources */ = {isa = PBXBuildFile; fileRef = 8F79A1E6D9424F9D8A5E15AA /* AppletManifest.swift */; };
		8F79A1E9D9424F9D8A5E15AA /* AppletLynxViewRepresentable.swift in Sources */ = {isa = PBXBuildFile; fileRef = 8F79A1E8D9424F9D8A5E15AA /* AppletLynxViewRepresentable.swift */; };
		90231575DD42853086EA0E4A /* HomeScreen.swift in Sources */ = {isa = PBXBuildFile; fileRef = 7A3994727C416D7B0C79C427 /* HomeScreen.swift */; };
		91F1BE7FDE16DF8CB0DB835A /* StationAPI.swift in Sources */ = {isa = PBXBuildFile; fileRef = 1B09F48928594FF5A4707CDB /* StationAPI.swift */; };
		9E3857482B7C190164B36F57 /* SettingsViewModel.swift in Sources */ = {isa = PBXBuildFile; fileRef = 92E22791EAD87781AF8169AB /* SettingsViewModel.swift */; };
		9F24DFE3FD3775C749ECA383 /* ProfileRepository.swift in Sources */ = {isa = PBXBuildFile; fileRef = B8E091A47872BF1C3AD56BFC /* ProfileRepository.swift */; };
		B11C6AD5B9344764E5D39B62 /* TimelineRepository.swift in Sources */ = {isa = PBXBuildFile; fileRef = 45FB21C263565FD4353A78BF /* TimelineRepository.swift */; };
		BD2B89D24C3DCA9B55D134F2 /* ChannelsRepository.swift in Sources */ = {isa = PBXBuildFile; fileRef = 63D0AA641C9FA496510DA308 /* ChannelsRepository.swift */; };
		BD71188E1B4D6CEDBA0BEEE5 /* APIClient.swift in Sources */ = {isa = PBXBuildFile; fileRef = B5BA04D67416A64914ABFCE9 /* APIClient.swift */; };
		BD894E09AE6BE184D6BA5064 /* NotificationBridgeModule.swift in Sources */ = {isa = PBXBuildFile; fileRef = C3EB06CEA5086018F2D24643 /* NotificationBridgeModule.swift */; };
		BE7A9E48EF2127EA7310A8EA /* AppletBundleStorage.swift in Sources */ = {isa = PBXBuildFile; fileRef = A7DFED3D01E2E1EB78BF32D5 /* AppletBundleStorage.swift */; };
		C3F28273510800C657F40B79 /* AppletsScreen.swift in Sources */ = {isa = PBXBuildFile; fileRef = F71C57F84F0372941109E08E /* AppletsScreen.swift */; };
		C82A387A044A55058C7873F8 /* SkillsRepository.swift in Sources */ = {isa = PBXBuildFile; fileRef = C789F6BE5845433C18770E66 /* SkillsRepository.swift */; };
		D223BE6C2A262C08EF8A16CE /* LynxViewFactory.swift in Sources */ = {isa = PBXBuildFile; fileRef = 86A27AC5963E1D3E8E51C486 /* LynxViewFactory.swift */; };
		D78628E1EA00F8D93FD4F9F2 /* Typography.swift in Sources */ = {isa = PBXBuildFile; fileRef = EC2C4144DFF8FD3E4A5FDA07 /* Typography.swift */; };
		D7BC177851A4FCF5280DF93C /* AuthViewModel.swift in Sources */ = {isa = PBXBuildFile; fileRef = D3D4AA54435D97C7154DB06D /* AuthViewModel.swift */; };
		DC28196C1DEF0CC9F3E11AD2 /* IMChatDetailScreen.swift in Sources */ = {isa = PBXBuildFile; fileRef = 3FAB064E9E55B77F201ADA9D /* IMChatDetailScreen.swift */; };
		DFD76250F1C42BCF5B0CBB05 /* AppletManager.swift in Sources */ = {isa = PBXBuildFile; fileRef = 6EC78BA1429960557347E014 /* AppletManager.swift */; };
		E1F19AB3E4231DF50E598534 /* ChannelsScreen.swift in Sources */ = {isa = PBXBuildFile; fileRef = 2E49EC5AAB80CA16D7317D79 /* ChannelsScreen.swift */; };
		E58528ADDC0FAE406C1B1209 /* SkillsViewModel.swift in Sources */ = {isa = PBXBuildFile; fileRef = BAB1C47D950EB6EF5F9436FF /* SkillsViewModel.swift */; };
		EB317769357FD8D6DE726154 /* AuthInterceptor.swift in Sources */ = {isa = PBXBuildFile; fileRef = EDB8AA789C947C8BF345A55C /* AuthInterceptor.swift */; };
		EE3B80D33ED11BE90E952753 /* Routes.swift in Sources */ = {isa = PBXBuildFile; fileRef = C17CE71765B90D4EFEE0A39F /* Routes.swift */; };
		F055B2626BFC3C1B56C1B584 /* MemoryViewModel.swift in Sources */ = {isa = PBXBuildFile; fileRef = C3D241F8A56A95A377FFEC0B /* MemoryViewModel.swift */; };
		F0F391960B8BF001E8385BBC /* EventRouter.swift in Sources */ = {isa = PBXBuildFile; fileRef = 206DD5529410FB5D4675545F /* EventRouter.swift */; };
		F40BBDABEC09B13981332913 /* PeersTouchApp.swift in Sources */ = {isa = PBXBuildFile; fileRef = 8E91D3511BE0792CEC04AE6E /* PeersTouchApp.swift */; };
		F712FACBD7286DE99264F925 /* SwiftData.framework in Frameworks */ = {isa = PBXBuildFile; fileRef = EF16062C3A837B10ADCB717E /* SwiftData.framework */; };
		FA04728B973307DD67ABAD28 /* HomeRepository.swift in Sources */ = {isa = PBXBuildFile; fileRef = A8E0B4370C13C952A25AE58B /* HomeRepository.swift */; };
		FB795FB89966B5E7AAEF2DD0 /* SkillsScreen.swift in Sources */ = {isa = PBXBuildFile; fileRef = 10957AC6BB33FE7FD1C3FAE2 /* SkillsScreen.swift */; };
/* End PBXBuildFile section */

/* Begin PBXFileReference section */
		A11B22C33D44E55F66778898 /* AppletBridgeNativeModule.swift */ = {isa = PBXFileReference; lastKnownFileType = sourcecode.swift; path = AppletBridgeNativeModule.swift; sourceTree = "<group>"; };
		014AF2F71F94B6B157329126 /* Theme.swift */ = {isa = PBXFileReference; lastKnownFileType = sourcecode.swift; path = Theme.swift; sourceTree = "<group>"; };
		019517C75BAD1DE60FD85449 /* SearchViewModel.swift */ = {isa = PBXFileReference; lastKnownFileType = sourcecode.swift; path = SearchViewModel.swift; sourceTree = "<group>"; };
		06B925F7D90C01948A54B44B /* AIScreen.swift */ = {isa = PBXFileReference; lastKnownFileType = sourcecode.swift; path = AIScreen.swift; sourceTree = "<group>"; };
		0720DEEEC717695AE147CE53 /* ProfileScreen.swift */ = {isa = PBXFileReference; lastKnownFileType = sourcecode.swift; path = ProfileScreen.swift; sourceTree = "<group>"; };
		07F8896D293D14197D48E419 /* SystemBridgeModule.swift */ = {isa = PBXFileReference; lastKnownFileType = sourcecode.swift; path = SystemBridgeModule.swift; sourceTree = "<group>"; };
		07FDC1B5CBDBC5A69B59A7D8 /* AppletsRepository.swift */ = {isa = PBXFileReference; lastKnownFileType = sourcecode.swift; path = AppletsRepository.swift; sourceTree = "<group>"; };
		0D0643F7641747CCED4B6A03 /* MemoryScreen.swift */ = {isa = PBXFileReference; lastKnownFileType = sourcecode.swift; path = MemoryScreen.swift; sourceTree = "<group>"; };
		0F0E0C85E8EB5B645B597834 /* Pods_PeersTouch.framework */ = {isa = PBXFileReference; explicitFileType = wrapper.framework; includeInIndex = 0; path = Pods_PeersTouch.framework; sourceTree = BUILT_PRODUCTS_DIR; };
		105E668174B2D8576DD8364F /* Pods-PeersTouch.release.xcconfig */ = {isa = PBXFileReference; includeInIndex = 1; lastKnownFileType = text.xcconfig; name = "Pods-PeersTouch.release.xcconfig"; path = "Target Support Files/Pods-PeersTouch/Pods-PeersTouch.release.xcconfig"; sourceTree = "<group>"; };
		10957AC6BB33FE7FD1C3FAE2 /* SkillsScreen.swift */ = {isa = PBXFileReference; lastKnownFileType = sourcecode.swift; path = SkillsScreen.swift; sourceTree = "<group>"; };
		195D12BFEFBCBA1294496A34 /* IMAddFriendScreen.swift */ = {isa = PBXFileReference; lastKnownFileType = sourcecode.swift; path = IMAddFriendScreen.swift; sourceTree = "<group>"; };
		1B09F48928594FF5A4707CDB /* StationAPI.swift */ = {isa = PBXFileReference; lastKnownFileType = sourcecode.swift; path = StationAPI.swift; sourceTree = "<group>"; };
		1C6B8FDFABD7ED37A821D7F8 /* PeersTouch.app */ = {isa = PBXFileReference; includeInIndex = 0; lastKnownFileType = wrapper.application; path = PeersTouch.app; sourceTree = BUILT_PRODUCTS_DIR; };
		1F9F039F768C240221E898FA /* EventStreamClient.swift */ = {isa = PBXFileReference; lastKnownFileType = sourcecode.swift; path = EventStreamClient.swift; sourceTree = "<group>"; };
		206DD5529410FB5D4675545F /* EventRouter.swift */ = {isa = PBXFileReference; lastKnownFileType = sourcecode.swift; path = EventRouter.swift; sourceTree = "<group>"; };
		2731A7F4BDB3C5A852624FAA /* PreferenceStore.swift */ = {isa = PBXFileReference; lastKnownFileType = sourcecode.swift; path = PreferenceStore.swift; sourceTree = "<group>"; };
		2AE6FF8EF7B325F01E3F2CEA /* LynxEngineManager.swift */ = {isa = PBXFileReference; lastKnownFileType = sourcecode.swift; path = LynxEngineManager.swift; sourceTree = "<group>"; };
		2C7FADEBA9BF271472EE6090 /* SearchScreen.swift */ = {isa = PBXFileReference; lastKnownFileType = sourcecode.swift; path = SearchScreen.swift; sourceTree = "<group>"; };
		2E49EC5AAB80CA16D7317D79 /* ChannelsScreen.swift */ = {isa = PBXFileReference; lastKnownFileType = sourcecode.swift; path = ChannelsScreen.swift; sourceTree = "<group>"; };
		3FAB064E9E55B77F201ADA9D /* IMChatDetailScreen.swift */ = {isa = PBXFileReference; lastKnownFileType = sourcecode.swift; path = IMChatDetailScreen.swift; sourceTree = "<group>"; };
		40D7A189C9DCC501EC5B8421 /* MemoryRepository.swift */ = {isa = PBXFileReference; lastKnownFileType = sourcecode.swift; path = MemoryRepository.swift; sourceTree = "<group>"; };
		41BBA60582070AE6D7A68CED /* UIBridgeModule.swift */ = {isa = PBXFileReference; lastKnownFileType = sourcecode.swift; path = UIBridgeModule.swift; sourceTree = "<group>"; };
		445ED95FCD10E5B547F8D28A /* Router.swift */ = {isa = PBXFileReference; lastKnownFileType = sourcecode.swift; path = Router.swift; sourceTree = "<group>"; };
		45FB21C263565FD4353A78BF /* TimelineRepository.swift */ = {isa = PBXFileReference; lastKnownFileType = sourcecode.swift; path = TimelineRepository.swift; sourceTree = "<group>"; };
		4A1104DA634575D588953E1F /* AppletsViewModel.swift */ = {isa = PBXFileReference; lastKnownFileType = sourcecode.swift; path = AppletsViewModel.swift; sourceTree = "<group>"; };
		4B505549CC222D50F2C5B15D /* SearchRepository.swift */ = {isa = PBXFileReference; lastKnownFileType = sourcecode.swift; path = SearchRepository.swift; sourceTree = "<group>"; };
		56BE273AC49759FAB6C52226 /* LoginScreen.swift */ = {isa = PBXFileReference; lastKnownFileType = sourcecode.swift; path = LoginScreen.swift; sourceTree = "<group>"; };
		5B4F09E484682A8B35D6059E /* AIViewModel.swift */ = {isa = PBXFileReference; lastKnownFileType = sourcecode.swift; path = AIViewModel.swift; sourceTree = "<group>"; };
		63D0AA641C9FA496510DA308 /* ChannelsRepository.swift */ = {isa = PBXFileReference; lastKnownFileType = sourcecode.swift; path = ChannelsRepository.swift; sourceTree = "<group>"; };
		675A97861CED793DF7005602 /* ChatRepository.swift */ = {isa = PBXFileReference; lastKnownFileType = sourcecode.swift; path = ChatRepository.swift; sourceTree = "<group>"; };
		67E0804B78B357A0CCDE14A2 /* NetworkBridgeModule.swift */ = {isa = PBXFileReference; lastKnownFileType = sourcecode.swift; path = NetworkBridgeModule.swift; sourceTree = "<group>"; };
		6AC3EAA80EE0F4938F7FBB13 /* ChatViewModel.swift */ = {isa = PBXFileReference; lastKnownFileType = sourcecode.swift; path = ChatViewModel.swift; sourceTree = "<group>"; };
		6AEF0443B0D52ECE9849BE11 /* AIRepository.swift */ = {isa = PBXFileReference; lastKnownFileType = sourcecode.swift; path = AIRepository.swift; sourceTree = "<group>"; };
		6B8DE883D3AA41D22D5FD672 /* AppTabView.swift */ = {isa = PBXFileReference; lastKnownFileType = sourcecode.swift; path = AppTabView.swift; sourceTree = "<group>"; };
		6CA7F157C875590D4D4CC692 /* ProfileViewModel.swift */ = {isa = PBXFileReference; lastKnownFileType = sourcecode.swift; path = ProfileViewModel.swift; sourceTree = "<group>"; };
		6EC78BA1429960557347E014 /* AppletManager.swift */ = {isa = PBXFileReference; lastKnownFileType = sourcecode.swift; path = AppletManager.swift; sourceTree = "<group>"; };
		707363E93F949FF41FAA60C9 /* BridgeDispatcher.swift */ = {isa = PBXFileReference; lastKnownFileType = sourcecode.swift; path = BridgeDispatcher.swift; sourceTree = "<group>"; };
		73B3C18CBAE47BF960761988 /* TimelineScreen.swift */ = {isa = PBXFileReference; lastKnownFileType = sourcecode.swift; path = TimelineScreen.swift; sourceTree = "<group>"; };
		73C526281909786CDFB9EAD9 /* DeviceBridgeModule.swift */ = {isa = PBXFileReference; lastKnownFileType = sourcecode.swift; path = DeviceBridgeModule.swift; sourceTree = "<group>"; };
		781AB51666DE7C0981B22601 /* AuthScreen.swift */ = {isa = PBXFileReference; lastKnownFileType = sourcecode.swift; path = AuthScreen.swift; sourceTree = "<group>"; };
		7A3994727C416D7B0C79C427 /* HomeScreen.swift */ = {isa = PBXFileReference; lastKnownFileType = sourcecode.swift; path = HomeScreen.swift; sourceTree = "<group>"; };
		86A27AC5963E1D3E8E51C486 /* LynxViewFactory.swift */ = {isa = PBXFileReference; lastKnownFileType = sourcecode.swift; path = LynxViewFactory.swift; sourceTree = "<group>"; };
		88CF4FF409FB3AEDF1D70B79 /* UIKit.framework */ = {isa = PBXFileReference; lastKnownFileType = wrapper.framework; name = UIKit.framework; path = System/Library/Frameworks/UIKit.framework; sourceTree = SDKROOT; };
		8E91D3511BE0792CEC04AE6E /* PeersTouchApp.swift */ = {isa = PBXFileReference; lastKnownFileType = sourcecode.swift; path = PeersTouchApp.swift; sourceTree = "<group>"; };
		8F79A1E6D9424F9D8A5E15AA /* AppletManifest.swift */ = {isa = PBXFileReference; lastKnownFileType = sourcecode.swift; path = AppletManifest.swift; sourceTree = "<group>"; };
		8F79A1E8D9424F9D8A5E15AA /* AppletLynxViewRepresentable.swift */ = {isa = PBXFileReference; lastKnownFileType = sourcecode.swift; path = AppletLynxViewRepresentable.swift; sourceTree = "<group>"; };
		92E22791EAD87781AF8169AB /* SettingsViewModel.swift */ = {isa = PBXFileReference; lastKnownFileType = sourcecode.swift; path = SettingsViewModel.swift; sourceTree = "<group>"; };
		97AF5750C41D2DDC7A268E0A /* ColorTokens.swift */ = {isa = PBXFileReference; lastKnownFileType = sourcecode.swift; path = ColorTokens.swift; sourceTree = "<group>"; };
		9DAC52366A1B3015F1DEF8DA /* StorageBridgeModule.swift */ = {isa = PBXFileReference; lastKnownFileType = sourcecode.swift; path = StorageBridgeModule.swift; sourceTree = "<group>"; };
		9EE07186F15A58FD9482F9C1 /* AppDelegate.swift */ = {isa = PBXFileReference; lastKnownFileType = sourcecode.swift; path = AppDelegate.swift; sourceTree = "<group>"; };
		A42350AFD6F0CD13B3CFEC21 /* AuthRepository.swift */ = {isa = PBXFileReference; lastKnownFileType = sourcecode.swift; path = AuthRepository.swift; sourceTree = "<group>"; };
		A509C68192EC74250D16262E /* Info.plist */ = {isa = PBXFileReference; lastKnownFileType = text.plist; path = Info.plist; sourceTree = "<group>"; };
		A636FF55B360CA0D3B8835F2 /* AppletContainerView.swift */ = {isa = PBXFileReference; lastKnownFileType = sourcecode.swift; path = AppletContainerView.swift; sourceTree = "<group>"; };
		A7DFED3D01E2E1EB78BF32D5 /* AppletBundleStorage.swift */ = {isa = PBXFileReference; lastKnownFileType = sourcecode.swift; path = AppletBundleStorage.swift; sourceTree = "<group>"; };
		A8E0B4370C13C952A25AE58B /* HomeRepository.swift */ = {isa = PBXFileReference; lastKnownFileType = sourcecode.swift; path = HomeRepository.swift; sourceTree = "<group>"; };
		ACDB7E16D59B86277692DAB3 /* SettingsRepository.swift */ = {isa = PBXFileReference; lastKnownFileType = sourcecode.swift; path = SettingsRepository.swift; sourceTree = "<group>"; };
		B47DFCA19DAE478A907B61F6 /* SwiftUI.framework */ = {isa = PBXFileReference; lastKnownFileType = wrapper.framework; name = SwiftUI.framework; path = System/Library/Frameworks/SwiftUI.framework; sourceTree = SDKROOT; };
		B5BA04D67416A64914ABFCE9 /* APIClient.swift */ = {isa = PBXFileReference; lastKnownFileType = sourcecode.swift; path = APIClient.swift; sourceTree = "<group>"; };
		B8651A9D526BB8BBEB7F15A0 /* Container.swift */ = {isa = PBXFileReference; lastKnownFileType = sourcecode.swift; path = Container.swift; sourceTree = "<group>"; };
		B8E091A47872BF1C3AD56BFC /* ProfileRepository.swift */ = {isa = PBXFileReference; lastKnownFileType = sourcecode.swift; path = ProfileRepository.swift; sourceTree = "<group>"; };
		BAB1C47D950EB6EF5F9436FF /* SkillsViewModel.swift */ = {isa = PBXFileReference; lastKnownFileType = sourcecode.swift; path = SkillsViewModel.swift; sourceTree = "<group>"; };
		C17CE71765B90D4EFEE0A39F /* Routes.swift */ = {isa = PBXFileReference; lastKnownFileType = sourcecode.swift; path = Routes.swift; sourceTree = "<group>"; };
		C2146649A969A624AF9A84BC /* TimelineViewModel.swift */ = {isa = PBXFileReference; lastKnownFileType = sourcecode.swift; path = TimelineViewModel.swift; sourceTree = "<group>"; };
		C3D241F8A56A95A377FFEC0B /* MemoryViewModel.swift */ = {isa = PBXFileReference; lastKnownFileType = sourcecode.swift; path = MemoryViewModel.swift; sourceTree = "<group>"; };
		C3EB06CEA5086018F2D24643 /* NotificationBridgeModule.swift */ = {isa = PBXFileReference; lastKnownFileType = sourcecode.swift; path = NotificationBridgeModule.swift; sourceTree = "<group>"; };
		C789F6BE5845433C18770E66 /* SkillsRepository.swift */ = {isa = PBXFileReference; lastKnownFileType = sourcecode.swift; path = SkillsRepository.swift; sourceTree = "<group>"; };
		CC69AC98C3162B527283C854 /* ChatScreen.swift */ = {isa = PBXFileReference; lastKnownFileType = sourcecode.swift; path = ChatScreen.swift; sourceTree = "<group>"; };
		D3D4AA54435D97C7154DB06D /* AuthViewModel.swift */ = {isa = PBXFileReference; lastKnownFileType = sourcecode.swift; path = AuthViewModel.swift; sourceTree = "<group>"; };
		D5B78C15F90E5072379A0B2C /* AppletBridgeSession.swift */ = {isa = PBXFileReference; lastKnownFileType = sourcecode.swift; path = AppletBridgeSession.swift; sourceTree = "<group>"; };
		E28C37E94634189091F96DAC /* SettingsScreen.swift */ = {isa = PBXFileReference; lastKnownFileType = sourcecode.swift; path = SettingsScreen.swift; sourceTree = "<group>"; };
		EC2C4144DFF8FD3E4A5FDA07 /* Typography.swift */ = {isa = PBXFileReference; lastKnownFileType = sourcecode.swift; path = Typography.swift; sourceTree = "<group>"; };
		EDB8AA789C947C8BF345A55C /* AuthInterceptor.swift */ = {isa = PBXFileReference; lastKnownFileType = sourcecode.swift; path = AuthInterceptor.swift; sourceTree = "<group>"; };
		EF16062C3A837B10ADCB717E /* SwiftData.framework */ = {isa = PBXFileReference; lastKnownFileType = wrapper.framework; name = SwiftData.framework; path = System/Library/Frameworks/SwiftData.framework; sourceTree = SDKROOT; };
		F2BDBB998FBC136B8667C107 /* ChannelsViewModel.swift */ = {isa = PBXFileReference; lastKnownFileType = sourcecode.swift; path = ChannelsViewModel.swift; sourceTree = "<group>"; };
		F3B33BD3A7EAD0F96F435CA3 /* HomeViewModel.swift */ = {isa = PBXFileReference; lastKnownFileType = sourcecode.swift; path = HomeViewModel.swift; sourceTree = "<group>"; };
		F6F56902CC09C460F7FD0045 /* AppDatabase.swift */ = {isa = PBXFileReference; lastKnownFileType = sourcecode.swift; path = AppDatabase.swift; sourceTree = "<group>"; };
		F71C57F84F0372941109E08E /* AppletsScreen.swift */ = {isa = PBXFileReference; lastKnownFileType = sourcecode.swift; path = AppletsScreen.swift; sourceTree = "<group>"; };
		F894B516BFBBF7320EE37210 /* Pods-PeersTouch.debug.xcconfig */ = {isa = PBXFileReference; includeInIndex = 1; lastKnownFileType = text.xcconfig; name = "Pods-PeersTouch.debug.xcconfig"; path = "Target Support Files/Pods-PeersTouch/Pods-PeersTouch.debug.xcconfig"; sourceTree = "<group>"; };
		FCF76B96B1D976CDB7B4B54A /* UserNotifications.framework */ = {isa = PBXFileReference; lastKnownFileType = wrapper.framework; name = UserNotifications.framework; path = System/Library/Frameworks/UserNotifications.framework; sourceTree = SDKROOT; };
/* End PBXFileReference section */

/* Begin PBXFrameworksBuildPhase section */
		8E5B3D3D2B956B4E38C93DAE /* Frameworks */ = {
			isa = PBXFrameworksBuildPhase;
			buildActionMask = 2147483647;
			files = (
				70E8EA44AB8A1D44A21970CC /* UIKit.framework in Frameworks */,
				6573D109350AEC646034F220 /* SwiftUI.framework in Frameworks */,
				F712FACBD7286DE99264F925 /* SwiftData.framework in Frameworks */,
				5B7BE20D42464EFF6CC90CB6 /* UserNotifications.framework in Frameworks */,
				1CB5B6365D2D07F891DB595F /* Pods_PeersTouch.framework in Frameworks */,
			);
			runOnlyForDeploymentPostprocessing = 0;
		};
/* End PBXFrameworksBuildPhase section */

/* Begin PBXGroup section */
		009D8F5F1941BBB97E519458 /* Memory */ = {
			isa = PBXGroup;
			children = (
				F28A08326868D0C218E68215 /* Repositories */,
				B0FE99083E673E59AC3D808A /* ViewModels */,
				F364F14C17E2A29B2E752564 /* Views */,
			);
			path = Memory;
			sourceTree = "<group>";
		};
		015A7236BA908EBED85B26DC /* Repositories */ = {
			isa = PBXGroup;
			children = (
				A8E0B4370C13C952A25AE58B /* HomeRepository.swift */,
			);
			path = Repositories;
			sourceTree = "<group>";
		};
		023FBA9374B702C3F5D0C630 /* Views */ = {
			isa = PBXGroup;
			children = (
				10957AC6BB33FE7FD1C3FAE2 /* SkillsScreen.swift */,
			);
			path = Views;
			sourceTree = "<group>";
		};
		049F76DC3336AB20F6CA5A9B /* Repositories */ = {
			isa = PBXGroup;
			children = (
				07FDC1B5CBDBC5A69B59A7D8 /* AppletsRepository.swift */,
			);
			path = Repositories;
			sourceTree = "<group>";
		};
		0557B29DD55D3C00BCCD13BC /* Repositories */ = {
			isa = PBXGroup;
			children = (
				ACDB7E16D59B86277692DAB3 /* SettingsRepository.swift */,
			);
			path = Repositories;
			sourceTree = "<group>";
		};
		163A7249BCBE93D72D56CB36 /* Repositories */ = {
			isa = PBXGroup;
			children = (
				4B505549CC222D50F2C5B15D /* SearchRepository.swift */,
			);
			path = Repositories;
			sourceTree = "<group>";
		};
		1A99A536B3A52481718A2EA5 /* Skills */ = {
			isa = PBXGroup;
			children = (
				7582375C241E94CA80BBD07C /* Repositories */,
				EE13667867B0E48E1DBA55CF /* ViewModels */,
				023FBA9374B702C3F5D0C630 /* Views */,
			);
			path = Skills;
			sourceTree = "<group>";
		};
		1BE890F80C835061A65AC6D8 /* Repositories */ = {
			isa = PBXGroup;
			children = (
				63D0AA641C9FA496510DA308 /* ChannelsRepository.swift */,
			);
			path = Repositories;
			sourceTree = "<group>";
		};
		1D6463D81711BD14309271E2 /* UI */ = {
			isa = PBXGroup;
			children = (
				A636FF55B360CA0D3B8835F2 /* AppletContainerView.swift */,
				8F79A1E8D9424F9D8A5E15AA /* AppletLynxViewRepresentable.swift */,
			);
			path = UI;
			sourceTree = "<group>";
		};
		228491EEB4D647AD55CA7441 /* Views */ = {
			isa = PBXGroup;
			children = (
				7A3994727C416D7B0C79C427 /* HomeScreen.swift */,
			);
			path = Views;
			sourceTree = "<group>";
		};
		231AA49D2343094B78D000F7 /* ViewModels */ = {
			isa = PBXGroup;
			children = (
				6CA7F157C875590D4D4CC692 /* ProfileViewModel.swift */,
			);
			path = ViewModels;
			sourceTree = "<group>";
		};
		2A824EC0FE1B32B7D709EC90 /* Frameworks */ = {
			isa = PBXGroup;
			children = (
				EF16062C3A837B10ADCB717E /* SwiftData.framework */,
				B47DFCA19DAE478A907B61F6 /* SwiftUI.framework */,
				88CF4FF409FB3AEDF1D70B79 /* UIKit.framework */,
				FCF76B96B1D976CDB7B4B54A /* UserNotifications.framework */,
				0F0E0C85E8EB5B645B597834 /* Pods_PeersTouch.framework */,
			);
			name = Frameworks;
			sourceTree = "<group>";
		};
		2B1AA6FA10721E5D54EF6E55 /* Repositories */ = {
			isa = PBXGroup;
			children = (
				675A97861CED793DF7005602 /* ChatRepository.swift */,
			);
			path = Repositories;
			sourceTree = "<group>";
		};
		2BE85104AE235F504A19F2BB /* AI */ = {
			isa = PBXGroup;
			children = (
				8CC09358EBF9E9AFECC03EB9 /* Repositories */,
				36B8FCD48538E8185C07E2FD /* ViewModels */,
				511A21F177140F052C700DBC /* Views */,
			);
			path = AI;
			sourceTree = "<group>";
		};
		2FE287824C73B4FFAA4082E8 /* Features */ = {
			isa = PBXGroup;
			children = (
				2BE85104AE235F504A19F2BB /* AI */,
				ABBB5DD69206D0CD251BFB05 /* Applets */,
				D3F79220FAC8C29796F458FE /* Auth */,
				5D828878CAA8E8A50122E973 /* Channels */,
				DABAE81DB6000B069EEADAE3 /* Chat */,
				EF6EAED4F824BD1879346EED /* Home */,
				009D8F5F1941BBB97E519458 /* Memory */,
				4ABB620C411831AAE4860BC0 /* Profile */,
				DC85C6D688DC18DC2EEF1D04 /* Search */,
				D4AF967359516ED79E5DF146 /* Settings */,
				1A99A536B3A52481718A2EA5 /* Skills */,
				F9E64503815E452E12561BD4 /* Timeline */,
			);
			path = Features;
			sourceTree = "<group>";
		};
		36B8FCD48538E8185C07E2FD /* ViewModels */ = {
			isa = PBXGroup;
			children = (
				5B4F09E484682A8B35D6059E /* AIViewModel.swift */,
			);
			path = ViewModels;
			sourceTree = "<group>";
		};
		394EB5AFFD7D2FA8127C7FDF /* Views */ = {
			isa = PBXGroup;
			children = (
				0720DEEEC717695AE147CE53 /* ProfileScreen.swift */,
			);
			path = Views;
			sourceTree = "<group>";
		};
		3CAB8440AB515E17064B5A79 /* PeersTouch */ = {
			isa = PBXGroup;
			children = (
				7444CC5D59CED0C94C25FC6C /* App */,
				A575BAC6DD36E34736069914 /* Core */,
				D8FF0D3B94D4250D8EC9939C /* DI */,
				2FE287824C73B4FFAA4082E8 /* Features */,
				5247EC5C3B6224D858FF97BD /* Navigation */,
				A509C68192EC74250D16262E /* Info.plist */,
			);
			path = PeersTouch;
			sourceTree = "<group>";
		};
		47E788B5D9771A3C5D6E4DA0 /* Theme */ = {
			isa = PBXGroup;
			children = (
				97AF5750C41D2DDC7A268E0A /* ColorTokens.swift */,
				014AF2F71F94B6B157329126 /* Theme.swift */,
				EC2C4144DFF8FD3E4A5FDA07 /* Typography.swift */,
			);
			path = Theme;
			sourceTree = "<group>";
		};
		4ABB620C411831AAE4860BC0 /* Profile */ = {
			isa = PBXGroup;
			children = (
				D2F78408195080C7DA98148C /* Repositories */,
				231AA49D2343094B78D000F7 /* ViewModels */,
				394EB5AFFD7D2FA8127C7FDF /* Views */,
			);
			path = Profile;
			sourceTree = "<group>";
		};
		511A21F177140F052C700DBC /* Views */ = {
			isa = PBXGroup;
			children = (
				06B925F7D90C01948A54B44B /* AIScreen.swift */,
			);
			path = Views;
			sourceTree = "<group>";
		};
		5247EC5C3B6224D858FF97BD /* Navigation */ = {
			isa = PBXGroup;
			children = (
				6B8DE883D3AA41D22D5FD672 /* AppTabView.swift */,
				445ED95FCD10E5B547F8D28A /* Router.swift */,
				C17CE71765B90D4EFEE0A39F /* Routes.swift */,
			);
			path = Navigation;
			sourceTree = "<group>";
		};
		5685ACC490398074E33F3EB3 /* ViewModels */ = {
			isa = PBXGroup;
			children = (
				D3D4AA54435D97C7154DB06D /* AuthViewModel.swift */,
			);
			path = ViewModels;
			sourceTree = "<group>";
		};
		5B87897B022AC2EC2F19EBA2 /* ViewModels */ = {
			isa = PBXGroup;
			children = (
				92E22791EAD87781AF8169AB /* SettingsViewModel.swift */,
			);
			path = ViewModels;
			sourceTree = "<group>";
		};
		5D828878CAA8E8A50122E973 /* Channels */ = {
			isa = PBXGroup;
			children = (
				1BE890F80C835061A65AC6D8 /* Repositories */,
				D2DFF798F542D7F6B5C576E7 /* ViewModels */,
				B3C97483862BCFF579DEE406 /* Views */,
			);
			path = Channels;
			sourceTree = "<group>";
		};
		65792A9CE07194E70953945B /* Views */ = {
			isa = PBXGroup;
			children = (
				2C7FADEBA9BF271472EE6090 /* SearchScreen.swift */,
			);
			path = Views;
			sourceTree = "<group>";
		};
		7444CC5D59CED0C94C25FC6C /* App */ = {
			isa = PBXGroup;
			children = (
				9EE07186F15A58FD9482F9C1 /* AppDelegate.swift */,
				8E91D3511BE0792CEC04AE6E /* PeersTouchApp.swift */,
			);
			path = App;
			sourceTree = "<group>";
		};
		7582375C241E94CA80BBD07C /* Repositories */ = {
			isa = PBXGroup;
			children = (
				C789F6BE5845433C18770E66 /* SkillsRepository.swift */,
			);
			path = Repositories;
			sourceTree = "<group>";
		};
		861949F914FF633148A97AED /* Lynx */ = {
			isa = PBXGroup;
			children = (
				C5FCFEA8FD3E2F5727F2B2E3 /* Bridge */,
				2AE6FF8EF7B325F01E3F2CEA /* LynxEngineManager.swift */,
				86A27AC5963E1D3E8E51C486 /* LynxViewFactory.swift */,
			);
			path = Lynx;
			sourceTree = "<group>";
		};
		8B1E67F97A0889B4C54A164C /* Views */ = {
			isa = PBXGroup;
			children = (
				CC69AC98C3162B527283C854 /* ChatScreen.swift */,
				195D12BFEFBCBA1294496A34 /* IMAddFriendScreen.swift */,
				3FAB064E9E55B77F201ADA9D /* IMChatDetailScreen.swift */,
			);
			path = Views;
			sourceTree = "<group>";
		};
		8CC09358EBF9E9AFECC03EB9 /* Repositories */ = {
			isa = PBXGroup;
			children = (
				6AEF0443B0D52ECE9849BE11 /* AIRepository.swift */,
			);
			path = Repositories;
			sourceTree = "<group>";
		};
		8EB50300BDDFAC2483941757 /* ViewModels */ = {
			isa = PBXGroup;
			children = (
				019517C75BAD1DE60FD85449 /* SearchViewModel.swift */,
			);
			path = ViewModels;
			sourceTree = "<group>";
		};
		93F74D97C5FE2EBFF630778E /* Pods */ = {
			isa = PBXGroup;
			children = (
				F894B516BFBBF7320EE37210 /* Pods-PeersTouch.debug.xcconfig */,
				105E668174B2D8576DD8364F /* Pods-PeersTouch.release.xcconfig */,
			);
			name = Pods;
			path = Pods;
			sourceTree = "<group>";
		};
		95F8EBEA4A2CED2E4B42D6EA /* Repositories */ = {
			isa = PBXGroup;
			children = (
				45FB21C263565FD4353A78BF /* TimelineRepository.swift */,
			);
			path = Repositories;
			sourceTree = "<group>";
		};
		A4AC5EC6B932BA2033CC332E /* Products */ = {
			isa = PBXGroup;
			children = (
				1C6B8FDFABD7ED37A821D7F8 /* PeersTouch.app */,
			);
			name = Products;
			sourceTree = "<group>";
		};
		A50C432F6694F3E8E5D64A2E /* ViewModels */ = {
			isa = PBXGroup;
			children = (
				6AC3EAA80EE0F4938F7FBB13 /* ChatViewModel.swift */,
			);
			path = ViewModels;
			sourceTree = "<group>";
		};
		A575BAC6DD36E34736069914 /* Core */ = {
			isa = PBXGroup;
			children = (
				CD2C7179A2BC5E40EA9E9882 /* Applet */,
				AA7F060512F64AA9711F701C /* Event */,
				861949F914FF633148A97AED /* Lynx */,
				E14B15676BF0C2F79FF87146 /* Network */,
				D713929DAACCDE30D784CA3B /* Storage */,
				47E788B5D9771A3C5D6E4DA0 /* Theme */,
			);
			path = Core;
			sourceTree = "<group>";
		};
		AA7F060512F64AA9711F701C /* Event */ = {
			isa = PBXGroup;
			children = (
				206DD5529410FB5D4675545F /* EventRouter.swift */,
				1F9F039F768C240221E898FA /* EventStreamClient.swift */,
			);
			path = Event;
			sourceTree = "<group>";
		};
		ABBB5DD69206D0CD251BFB05 /* Applets */ = {
			isa = PBXGroup;
			children = (
				049F76DC3336AB20F6CA5A9B /* Repositories */,
				FDB1D202E267D9E4D8AB3431 /* ViewModels */,
				E59945C6E5547513432BF9F5 /* Views */,
			);
			path = Applets;
			sourceTree = "<group>";
		};
		B0FE99083E673E59AC3D808A /* ViewModels */ = {
			isa = PBXGroup;
			children = (
				C3D241F8A56A95A377FFEC0B /* MemoryViewModel.swift */,
			);
			path = ViewModels;
			sourceTree = "<group>";
		};
		B3C97483862BCFF579DEE406 /* Views */ = {
			isa = PBXGroup;
			children = (
				2E49EC5AAB80CA16D7317D79 /* ChannelsScreen.swift */,
			);
			path = Views;
			sourceTree = "<group>";
		};
		C5FCFEA8FD3E2F5727F2B2E3 /* Bridge */ = {
			isa = PBXGroup;
			children = (
				A11B22C33D44E55F66778898 /* AppletBridgeNativeModule.swift */,
				707363E93F949FF41FAA60C9 /* BridgeDispatcher.swift */,
				73C526281909786CDFB9EAD9 /* DeviceBridgeModule.swift */,
				67E0804B78B357A0CCDE14A2 /* NetworkBridgeModule.swift */,
				C3EB06CEA5086018F2D24643 /* NotificationBridgeModule.swift */,
				9DAC52366A1B3015F1DEF8DA /* StorageBridgeModule.swift */,
				07F8896D293D14197D48E419 /* SystemBridgeModule.swift */,
				41BBA60582070AE6D7A68CED /* UIBridgeModule.swift */,
			);
			path = Bridge;
			sourceTree = "<group>";
		};
		C9CDAFADCB14F61DF6B6EDD6 /* ViewModels */ = {
			isa = PBXGroup;
			children = (
				F3B33BD3A7EAD0F96F435CA3 /* HomeViewModel.swift */,
			);
			path = ViewModels;
			sourceTree = "<group>";
		};
		CD2C7179A2BC5E40EA9E9882 /* Applet */ = {
			isa = PBXGroup;
			children = (
				1D6463D81711BD14309271E2 /* UI */,
				D5B78C15F90E5072379A0B2C /* AppletBridgeSession.swift */,
				A7DFED3D01E2E1EB78BF32D5 /* AppletBundleStorage.swift */,
				6EC78BA1429960557347E014 /* AppletManager.swift */,
				8F79A1E6D9424F9D8A5E15AA /* AppletManifest.swift */,
			);
			path = Applet;
			sourceTree = "<group>";
		};
		D2DFF798F542D7F6B5C576E7 /* ViewModels */ = {
			isa = PBXGroup;
			children = (
				F2BDBB998FBC136B8667C107 /* ChannelsViewModel.swift */,
			);
			path = ViewModels;
			sourceTree = "<group>";
		};
		D2F78408195080C7DA98148C /* Repositories */ = {
			isa = PBXGroup;
			children = (
				B8E091A47872BF1C3AD56BFC /* ProfileRepository.swift */,
			);
			path = Repositories;
			sourceTree = "<group>";
		};
		D35E3245E29CFC0F099DAF48 /* Views */ = {
			isa = PBXGroup;
			children = (
				E28C37E94634189091F96DAC /* SettingsScreen.swift */,
			);
			path = Views;
			sourceTree = "<group>";
		};
		D3F79220FAC8C29796F458FE /* Auth */ = {
			isa = PBXGroup;
			children = (
				D4374A053E4C353DC6C4FA4A /* Repositories */,
				5685ACC490398074E33F3EB3 /* ViewModels */,
				FB0CC527A5479E42447A0555 /* Views */,
			);
			path = Auth;
			sourceTree = "<group>";
		};
		D4374A053E4C353DC6C4FA4A /* Repositories */ = {
			isa = PBXGroup;
			children = (
				A42350AFD6F0CD13B3CFEC21 /* AuthRepository.swift */,
			);
			path = Repositories;
			sourceTree = "<group>";
		};
		D4AF967359516ED79E5DF146 /* Settings */ = {
			isa = PBXGroup;
			children = (
				0557B29DD55D3C00BCCD13BC /* Repositories */,
				5B87897B022AC2EC2F19EBA2 /* ViewModels */,
				D35E3245E29CFC0F099DAF48 /* Views */,
			);
			path = Settings;
			sourceTree = "<group>";
		};
		D713929DAACCDE30D784CA3B /* Storage */ = {
			isa = PBXGroup;
			children = (
				F6F56902CC09C460F7FD0045 /* AppDatabase.swift */,
				2731A7F4BDB3C5A852624FAA /* PreferenceStore.swift */,
			);
			path = Storage;
			sourceTree = "<group>";
		};
		D8FF0D3B94D4250D8EC9939C /* DI */ = {
			isa = PBXGroup;
			children = (
				B8651A9D526BB8BBEB7F15A0 /* Container.swift */,
			);
			path = DI;
			sourceTree = "<group>";
		};
		DABAE81DB6000B069EEADAE3 /* Chat */ = {
			isa = PBXGroup;
			children = (
				2B1AA6FA10721E5D54EF6E55 /* Repositories */,
				A50C432F6694F3E8E5D64A2E /* ViewModels */,
				8B1E67F97A0889B4C54A164C /* Views */,
			);
			path = Chat;
			sourceTree = "<group>";
		};
		DC85C6D688DC18DC2EEF1D04 /* Search */ = {
			isa = PBXGroup;
			children = (
				163A7249BCBE93D72D56CB36 /* Repositories */,
				8EB50300BDDFAC2483941757 /* ViewModels */,
				65792A9CE07194E70953945B /* Views */,
			);
			path = Search;
			sourceTree = "<group>";
		};
		E14B15676BF0C2F79FF87146 /* Network */ = {
			isa = PBXGroup;
			children = (
				B5BA04D67416A64914ABFCE9 /* APIClient.swift */,
				EDB8AA789C947C8BF345A55C /* AuthInterceptor.swift */,
				1B09F48928594FF5A4707CDB /* StationAPI.swift */,
			);
			path = Network;
			sourceTree = "<group>";
		};
		E59945C6E5547513432BF9F5 /* Views */ = {
			isa = PBXGroup;
			children = (
				F71C57F84F0372941109E08E /* AppletsScreen.swift */,
			);
			path = Views;
			sourceTree = "<group>";
		};
		E6675FEA05244FC396710087 = {
			isa = PBXGroup;
			children = (
				3CAB8440AB515E17064B5A79 /* PeersTouch */,
				2A824EC0FE1B32B7D709EC90 /* Frameworks */,
				A4AC5EC6B932BA2033CC332E /* Products */,
				93F74D97C5FE2EBFF630778E /* Pods */,
			);
			sourceTree = "<group>";
		};
		EA8DB909564070A4BDC30499 /* ViewModels */ = {
			isa = PBXGroup;
			children = (
				C2146649A969A624AF9A84BC /* TimelineViewModel.swift */,
			);
			path = ViewModels;
			sourceTree = "<group>";
		};
		EE13667867B0E48E1DBA55CF /* ViewModels */ = {
			isa = PBXGroup;
			children = (
				BAB1C47D950EB6EF5F9436FF /* SkillsViewModel.swift */,
			);
			path = ViewModels;
			sourceTree = "<group>";
		};
		EF6EAED4F824BD1879346EED /* Home */ = {
			isa = PBXGroup;
			children = (
				015A7236BA908EBED85B26DC /* Repositories */,
				C9CDAFADCB14F61DF6B6EDD6 /* ViewModels */,
				228491EEB4D647AD55CA7441 /* Views */,
			);
			path = Home;
			sourceTree = "<group>";
		};
		F28A08326868D0C218E68215 /* Repositories */ = {
			isa = PBXGroup;
			children = (
				40D7A189C9DCC501EC5B8421 /* MemoryRepository.swift */,
			);
			path = Repositories;
			sourceTree = "<group>";
		};
		F364F14C17E2A29B2E752564 /* Views */ = {
			isa = PBXGroup;
			children = (
				0D0643F7641747CCED4B6A03 /* MemoryScreen.swift */,
			);
			path = Views;
			sourceTree = "<group>";
		};
		F692762B300DBF20F3C00878 /* Views */ = {
			isa = PBXGroup;
			children = (
				73B3C18CBAE47BF960761988 /* TimelineScreen.swift */,
			);
			path = Views;
			sourceTree = "<group>";
		};
		F9E64503815E452E12561BD4 /* Timeline */ = {
			isa = PBXGroup;
			children = (
				95F8EBEA4A2CED2E4B42D6EA /* Repositories */,
				EA8DB909564070A4BDC30499 /* ViewModels */,
				F692762B300DBF20F3C00878 /* Views */,
			);
			path = Timeline;
			sourceTree = "<group>";
		};
		FB0CC527A5479E42447A0555 /* Views */ = {
			isa = PBXGroup;
			children = (
				781AB51666DE7C0981B22601 /* AuthScreen.swift */,
				56BE273AC49759FAB6C52226 /* LoginScreen.swift */,
			);
			path = Views;
			sourceTree = "<group>";
		};
		FDB1D202E267D9E4D8AB3431 /* ViewModels */ = {
			isa = PBXGroup;
			children = (
				4A1104DA634575D588953E1F /* AppletsViewModel.swift */,
			);
			path = ViewModels;
			sourceTree = "<group>";
		};
/* End PBXGroup section */

/* Begin PBXNativeTarget section */
		D5A0B271D5D2A7CA40D84CD0 /* PeersTouch */ = {
			isa = PBXNativeTarget;
			buildConfigurationList = 3AD7922F25B3D4CAA4629ECA /* Build configuration list for PBXNativeTarget "PeersTouch" */;
			buildPhases = (
				D8D3C4181BC5FF78A3BCEF7D /* [CP] Check Pods Manifest.lock */,
				455528665191B9C4AFA70AFC /* Sources */,
				8E5B3D3D2B956B4E38C93DAE /* Frameworks */,
				194E2ED32B94278D414F898A /* [CP] Embed Pods Frameworks */,
			);
			buildRules = (
			);
			dependencies = (
			);
			name = PeersTouch;
			productName = PeersTouch;
			productReference = 1C6B8FDFABD7ED37A821D7F8 /* PeersTouch.app */;
			productType = "com.apple.product-type.application";
		};
/* End PBXNativeTarget section */

/* Begin PBXProject section */
		E142C7CA4F5420A25DBCF9D6 /* Project object */ = {
			isa = PBXProject;
			attributes = {
				BuildIndependentTargetsInParallel = YES;
				LastUpgradeCheck = 1530;
				TargetAttributes = {
					D5A0B271D5D2A7CA40D84CD0 = {
						DevelopmentTeam = "";
					};
				};
			};
			buildConfigurationList = D6F4D55844B0A5D4D9B2BBD0 /* Build configuration list for PBXProject "PeersTouch" */;
			developmentRegion = en;
			hasScannedForEncodings = 0;
			knownRegions = (
				Base,
				en,
			);
			mainGroup = E6675FEA05244FC396710087;
			minimizedProjectReferenceProxies = 1;
			preferredProjectObjectVersion = 77;
			productRefGroup = A4AC5EC6B932BA2033CC332E /* Products */;
			projectDirPath = "";
			projectRoot = "";
			targets = (
				D5A0B271D5D2A7CA40D84CD0 /* PeersTouch */,
			);
		};
/* End PBXProject section */

/* Begin PBXShellScriptBuildPhase section */
		194E2ED32B94278D414F898A /* [CP] Embed Pods Frameworks */ = {
			isa = PBXShellScriptBuildPhase;
			buildActionMask = 2147483647;
			files = (
			);
			inputFileListPaths = (
				"${PODS_ROOT}/Target Support Files/Pods-PeersTouch/Pods-PeersTouch-frameworks-${CONFIGURATION}-input-files.xcfilelist",
			);
			name = "[CP] Embed Pods Frameworks";
			outputFileListPaths = (
				"${PODS_ROOT}/Target Support Files/Pods-PeersTouch/Pods-PeersTouch-frameworks-${CONFIGURATION}-output-files.xcfilelist",
			);
			runOnlyForDeploymentPostprocessing = 0;
			shellPath = /bin/sh;
			shellScript = "\"${PODS_ROOT}/Target Support Files/Pods-PeersTouch/Pods-PeersTouch-frameworks.sh\"\n";
			showEnvVarsInLog = 0;
		};
		D8D3C4181BC5FF78A3BCEF7D /* [CP] Check Pods Manifest.lock */ = {
			isa = PBXShellScriptBuildPhase;
			buildActionMask = 2147483647;
			files = (
			);
			inputFileListPaths = (
			);
			inputPaths = (
				"${PODS_PODFILE_DIR_PATH}/Podfile.lock",
				"${PODS_ROOT}/Manifest.lock",
			);
			name = "[CP] Check Pods Manifest.lock";
			outputFileListPaths = (
			);
			outputPaths = (
				"$(DERIVED_FILE_DIR)/Pods-PeersTouch-checkManifestLockResult.txt",
			);
			runOnlyForDeploymentPostprocessing = 0;
			shellPath = /bin/sh;
			shellScript = "diff \"${PODS_PODFILE_DIR_PATH}/Podfile.lock\" \"${PODS_ROOT}/Manifest.lock\" > /dev/null\nif [ $? != 0 ] ; then\n    # print error to STDERR\n    echo \"error: The sandbox is not in sync with the Podfile.lock. Run 'pod install' or update your CocoaPods installation.\" >&2\n    exit 1\nfi\n# This output is used by Xcode 'outputs' to avoid re-running this script phase.\necho \"SUCCESS\" > \"${SCRIPT_OUTPUT_FILE_0}\"\n";
			showEnvVarsInLog = 0;
		};
/* End PBXShellScriptBuildPhase section */

/* Begin PBXSourcesBuildPhase section */
		455528665191B9C4AFA70AFC /* Sources */ = {
			isa = PBXSourcesBuildPhase;
			buildActionMask = 2147483647;
			files = (
				85444C713C11F3387EE24009 /* AIRepository.swift in Sources */,
				308279D80A996CCC7775534E /* AIScreen.swift in Sources */,
				24A5D362AC436DA0FA992B9B /* AIViewModel.swift in Sources */,
				BD71188E1B4D6CEDBA0BEEE5 /* APIClient.swift in Sources */,
				315F31BD232976806C5E3CAE /* AppDatabase.swift in Sources */,
				1C99CBE61B60547355312899 /* AppDelegate.swift in Sources */,
				6DEEC88E5062E609CD935E8A /* AppTabView.swift in Sources */,
				8D67B1568B3FFB45AD6A357D /* AppletBridgeSession.swift in Sources */,
				BE7A9E48EF2127EA7310A8EA /* AppletBundleStorage.swift in Sources */,
				3530E46DB572CF6BF2BFE2CC /* AppletContainerView.swift in Sources */,
				8F79A1E9D9424F9D8A5E15AA /* AppletLynxViewRepresentable.swift in Sources */,
				DFD76250F1C42BCF5B0CBB05 /* AppletManager.swift in Sources */,
				8F79A1E7D9424F9D8A5E15AA /* AppletManifest.swift in Sources */,
				A11B22C33D44E55F66778899 /* AppletBridgeNativeModule.swift in Sources */,
				63A43141754862991CFF4FC8 /* AppletsRepository.swift in Sources */,
				C3F28273510800C657F40B79 /* AppletsScreen.swift in Sources */,
				2AC4C71DEAF5A3BA8DDCF8E3 /* AppletsViewModel.swift in Sources */,
				EB317769357FD8D6DE726154 /* AuthInterceptor.swift in Sources */,
				8DFE3401F0A64E80DBB0509B /* AuthRepository.swift in Sources */,
				6AF7EC00AAB840817CE95A87 /* AuthScreen.swift in Sources */,
				D7BC177851A4FCF5280DF93C /* AuthViewModel.swift in Sources */,
				3000F68588DB62507383377D /* BridgeDispatcher.swift in Sources */,
				BD2B89D24C3DCA9B55D134F2 /* ChannelsRepository.swift in Sources */,
				E1F19AB3E4231DF50E598534 /* ChannelsScreen.swift in Sources */,
				5C7D2642C61FFFF700447390 /* ChannelsViewModel.swift in Sources */,
				3420B0E68E1E33DBA94AF76E /* ChatRepository.swift in Sources */,
				1D08190498DEFE19C5977798 /* ChatScreen.swift in Sources */,
				1CCA410577655F2EB9188D0C /* ChatViewModel.swift in Sources */,
				0F1660B8C4C15F6908F2B79D /* ColorTokens.swift in Sources */,
				6CADBCCB9C5E9F26D31E4755 /* Container.swift in Sources */,
				20B588653202F9F9A6429272 /* DeviceBridgeModule.swift in Sources */,
				F0F391960B8BF001E8385BBC /* EventRouter.swift in Sources */,
				8DE750B3C69DA96B14809550 /* EventStreamClient.swift in Sources */,
				FA04728B973307DD67ABAD28 /* HomeRepository.swift in Sources */,
				90231575DD42853086EA0E4A /* HomeScreen.swift in Sources */,
				6D391711C0B7763AB3F91FFE /* HomeViewModel.swift in Sources */,
				36FAB939B8E0BED37A6D5810 /* IMAddFriendScreen.swift in Sources */,
				DC28196C1DEF0CC9F3E11AD2 /* IMChatDetailScreen.swift in Sources */,
				68E056C2A4EA4DA769F0B0BB /* LoginScreen.swift in Sources */,
				48812F5EF4978B9ECFD45076 /* LynxEngineManager.swift in Sources */,
				D223BE6C2A262C08EF8A16CE /* LynxViewFactory.swift in Sources */,
				524E21239AAD235DF99A09CB /* MemoryRepository.swift in Sources */,
				742B4F4C6339FADC83142FF2 /* MemoryScreen.swift in Sources */,
				F055B2626BFC3C1B56C1B584 /* MemoryViewModel.swift in Sources */,
				5413B3F582AD5233B524EFF1 /* NetworkBridgeModule.swift in Sources */,
				BD894E09AE6BE184D6BA5064 /* NotificationBridgeModule.swift in Sources */,
				F40BBDABEC09B13981332913 /* PeersTouchApp.swift in Sources */,
				4B994FAF090D0677D81E77F7 /* PreferenceStore.swift in Sources */,
				9F24DFE3FD3775C749ECA383 /* ProfileRepository.swift in Sources */,
				4B1E2F236CE314FE25668023 /* ProfileScreen.swift in Sources */,
				84E030A6E44D273DD4FB8CD9 /* ProfileViewModel.swift in Sources */,
				824508967FC162B0FD17E3D1 /* Router.swift in Sources */,
				EE3B80D33ED11BE90E952753 /* Routes.swift in Sources */,
				8D17314ADA26D0F4B0EE2933 /* SearchRepository.swift in Sources */,
				34AE8EDFEC2F3039485FDCA1 /* SearchScreen.swift in Sources */,
				2C51887E42DFA5070C9A5476 /* SearchViewModel.swift in Sources */,
				21FCFC7197CEE2C5EADCF3EC /* SettingsRepository.swift in Sources */,
				01CB8559399F6A2486E68CAB /* SettingsScreen.swift in Sources */,
				9E3857482B7C190164B36F57 /* SettingsViewModel.swift in Sources */,
				C82A387A044A55058C7873F8 /* SkillsRepository.swift in Sources */,
				FB795FB89966B5E7AAEF2DD0 /* SkillsScreen.swift in Sources */,
				E58528ADDC0FAE406C1B1209 /* SkillsViewModel.swift in Sources */,
				91F1BE7FDE16DF8CB0DB835A /* StationAPI.swift in Sources */,
				4317355FB9D744E87A836934 /* StorageBridgeModule.swift in Sources */,
				426E8D9F5C613F1E77D25174 /* SystemBridgeModule.swift in Sources */,
				482D22B7123E2E48DBA547A1 /* Theme.swift in Sources */,
				B11C6AD5B9344764E5D39B62 /* TimelineRepository.swift in Sources */,
				073CE2953514FF910733C5FB /* TimelineScreen.swift in Sources */,
				842EFB63AF36EA5C9B072DB5 /* TimelineViewModel.swift in Sources */,
				D78628E1EA00F8D93FD4F9F2 /* Typography.swift in Sources */,
				3ED3C0F36F98ADD0004D9C5A /* UIBridgeModule.swift in Sources */,
			);
			runOnlyForDeploymentPostprocessing = 0;
		};
/* End PBXSourcesBuildPhase section */

/* Begin XCBuildConfiguration section */
		14A5E9E59BBC4C6972FD3BE8 /* Debug */ = {
			isa = XCBuildConfiguration;
			buildSettings = {
				ALWAYS_SEARCH_USER_PATHS = NO;
				CLANG_ANALYZER_NONNULL = YES;
				CLANG_ANALYZER_NUMBER_OBJECT_CONVERSION = YES_AGGRESSIVE;
				CLANG_CXX_LANGUAGE_STANDARD = "gnu++14";
				CLANG_CXX_LIBRARY = "libc++";
				CLANG_ENABLE_MODULES = YES;
				CLANG_ENABLE_OBJC_ARC = YES;
				CLANG_ENABLE_OBJC_WEAK = YES;
				CLANG_WARN_BLOCK_CAPTURE_AUTORELEASING = YES;
				CLANG_WARN_BOOL_CONVERSION = YES;
				CLANG_WARN_COMMA = YES;
				CLANG_WARN_CONSTANT_CONVERSION = YES;
				CLANG_WARN_DEPRECATED_OBJC_IMPLEMENTATIONS = YES;
				CLANG_WARN_DIRECT_OBJC_ISA_USAGE = YES_ERROR;
				CLANG_WARN_DOCUMENTATION_COMMENTS = YES;
				CLANG_WARN_EMPTY_BODY = YES;
				CLANG_WARN_ENUM_CONVERSION = YES;
				CLANG_WARN_INFINITE_RECURSION = YES;
				CLANG_WARN_INT_CONVERSION = YES;
				CLANG_WARN_NON_LITERAL_NULL_CONVERSION = YES;
				CLANG_WARN_OBJC_IMPLICIT_RETAIN_SELF = YES;
				CLANG_WARN_OBJC_LITERAL_CONVERSION = YES;
				CLANG_WARN_OBJC_ROOT_CLASS = YES_ERROR;
				CLANG_WARN_QUOTED_INCLUDE_IN_FRAMEWORK_HEADER = YES;
				CLANG_WARN_RANGE_LOOP_ANALYSIS = YES;
				CLANG_WARN_STRICT_PROTOTYPES = YES;
				CLANG_WARN_SUSPICIOUS_MOVE = YES;
				CLANG_WARN_UNGUARDED_AVAILABILITY = YES_AGGRESSIVE;
				CLANG_WARN_UNREACHABLE_CODE = YES;
				CLANG_WARN__DUPLICATE_METHOD_MATCH = YES;
				CODE_SIGNING_REQUIRED = NO;
				CODE_SIGN_IDENTITY = "";
				COPY_PHASE_STRIP = NO;
				CURRENT_PROJECT_VERSION = 1;
				DEBUG_INFORMATION_FORMAT = dwarf;
				DEVELOPMENT_TEAM = "";
				ENABLE_STRICT_OBJC_MSGSEND = YES;
				ENABLE_TESTABILITY = YES;
				GCC_C_LANGUAGE_STANDARD = gnu11;
				GCC_DYNAMIC_NO_PIC = NO;
				GCC_NO_COMMON_BLOCKS = YES;
				GCC_OPTIMIZATION_LEVEL = 0;
				GCC_PREPROCESSOR_DEFINITIONS = (
					"$(inherited)",
					"DEBUG=1",
				);
				GCC_WARN_64_TO_32_BIT_CONVERSION = YES;
				GCC_WARN_ABOUT_RETURN_TYPE = YES_ERROR;
				GCC_WARN_UNDECLARED_SELECTOR = YES;
				GCC_WARN_UNINITIALIZED_AUTOS = YES_AGGRESSIVE;
				GCC_WARN_UNUSED_FUNCTION = YES;
				GCC_WARN_UNUSED_VARIABLE = YES;
				IPHONEOS_DEPLOYMENT_TARGET = 17.0;
				MARKETING_VERSION = 0.1.0;
				MTL_ENABLE_DEBUG_INFO = INCLUDE_SOURCE;
				MTL_FAST_MATH = YES;
				ONLY_ACTIVE_ARCH = YES;
				PRODUCT_NAME = "$(TARGET_NAME)";
				SDKROOT = iphoneos;
				SWIFT_ACTIVE_COMPILATION_CONDITIONS = DEBUG;
				SWIFT_OPTIMIZATION_LEVEL = "-Onone";
				SWIFT_VERSION = 5.10;
			};
			name = Debug;
		};
		76AEF850BDF5F05469D5B0A9 /* Release */ = {
			isa = XCBuildConfiguration;
			buildSettings = {
				ALWAYS_SEARCH_USER_PATHS = NO;
				CLANG_ANALYZER_NONNULL = YES;
				CLANG_ANALYZER_NUMBER_OBJECT_CONVERSION = YES_AGGRESSIVE;
				CLANG_CXX_LANGUAGE_STANDARD = "gnu++14";
				CLANG_CXX_LIBRARY = "libc++";
				CLANG_ENABLE_MODULES = YES;
				CLANG_ENABLE_OBJC_ARC = YES;
				CLANG_ENABLE_OBJC_WEAK = YES;
				CLANG_WARN_BLOCK_CAPTURE_AUTORELEASING = YES;
				CLANG_WARN_BOOL_CONVERSION = YES;
				CLANG_WARN_COMMA = YES;
				CLANG_WARN_CONSTANT_CONVERSION = YES;
				CLANG_WARN_DEPRECATED_OBJC_IMPLEMENTATIONS = YES;
				CLANG_WARN_DIRECT_OBJC_ISA_USAGE = YES_ERROR;
				CLANG_WARN_DOCUMENTATION_COMMENTS = YES;
				CLANG_WARN_EMPTY_BODY = YES;
				CLANG_WARN_ENUM_CONVERSION = YES;
				CLANG_WARN_INFINITE_RECURSION = YES;
				CLANG_WARN_INT_CONVERSION = YES;
				CLANG_WARN_NON_LITERAL_NULL_CONVERSION = YES;
				CLANG_WARN_OBJC_IMPLICIT_RETAIN_SELF = YES;
				CLANG_WARN_OBJC_LITERAL_CONVERSION = YES;
				CLANG_WARN_OBJC_ROOT_CLASS = YES_ERROR;
				CLANG_WARN_QUOTED_INCLUDE_IN_FRAMEWORK_HEADER = YES;
				CLANG_WARN_RANGE_LOOP_ANALYSIS = YES;
				CLANG_WARN_STRICT_PROTOTYPES = YES;
				CLANG_WARN_SUSPICIOUS_MOVE = YES;
				CLANG_WARN_UNGUARDED_AVAILABILITY = YES_AGGRESSIVE;
				CLANG_WARN_UNREACHABLE_CODE = YES;
				CLANG_WARN__DUPLICATE_METHOD_MATCH = YES;
				CODE_SIGNING_REQUIRED = NO;
				CODE_SIGN_IDENTITY = "";
				COPY_PHASE_STRIP = NO;
				CURRENT_PROJECT_VERSION = 1;
				DEBUG_INFORMATION_FORMAT = "dwarf-with-dsym";
				DEVELOPMENT_TEAM = "";
				ENABLE_NS_ASSERTIONS = NO;
				ENABLE_STRICT_OBJC_MSGSEND = YES;
				GCC_C_LANGUAGE_STANDARD = gnu11;
				GCC_NO_COMMON_BLOCKS = YES;
				GCC_WARN_64_TO_32_BIT_CONVERSION = YES;
				GCC_WARN_ABOUT_RETURN_TYPE = YES_ERROR;
				GCC_WARN_UNDECLARED_SELECTOR = YES;
				GCC_WARN_UNINITIALIZED_AUTOS = YES_AGGRESSIVE;
				GCC_WARN_UNUSED_FUNCTION = YES;
				GCC_WARN_UNUSED_VARIABLE = YES;
				IPHONEOS_DEPLOYMENT_TARGET = 17.0;
				MARKETING_VERSION = 0.1.0;
				MTL_ENABLE_DEBUG_INFO = NO;
				MTL_FAST_MATH = YES;
				PRODUCT_NAME = "$(TARGET_NAME)";
				SDKROOT = iphoneos;
				SWIFT_COMPILATION_MODE = wholemodule;
				SWIFT_OPTIMIZATION_LEVEL = "-O";
				SWIFT_VERSION = 5.10;
			};
			name = Release;
		};
		8A05F004866366916435CA4A /* Release */ = {
			isa = XCBuildConfiguration;
			baseConfigurationReference = 105E668174B2D8576DD8364F /* Pods-PeersTouch.release.xcconfig */;
			buildSettings = {
				ASSETCATALOG_COMPILER_APPICON_NAME = AppIcon;
				CODE_SIGN_IDENTITY = "iPhone Developer";
				INFOPLIST_FILE = PeersTouch/Info.plist;
				LD_RUNPATH_SEARCH_PATHS = (
					"$(inherited)",
					"@executable_path/Frameworks",
				);
				PRODUCT_BUNDLE_IDENTIFIER = com.peerstouch.mobile;
				SDKROOT = iphoneos;
				TARGETED_DEVICE_FAMILY = "1,2";
			};
			name = Release;
		};
		96F5251B1BBBA8E3948B84A0 /* Debug */ = {
			isa = XCBuildConfiguration;
			baseConfigurationReference = F894B516BFBBF7320EE37210 /* Pods-PeersTouch.debug.xcconfig */;
			buildSettings = {
				ASSETCATALOG_COMPILER_APPICON_NAME = AppIcon;
				CODE_SIGN_IDENTITY = "iPhone Developer";
				INFOPLIST_FILE = PeersTouch/Info.plist;
				LD_RUNPATH_SEARCH_PATHS = (
					"$(inherited)",
					"@executable_path/Frameworks",
				);
				PRODUCT_BUNDLE_IDENTIFIER = com.peerstouch.mobile;
				SDKROOT = iphoneos;
				TARGETED_DEVICE_FAMILY = "1,2";
			};
			name = Debug;
		};
/* End XCBuildConfiguration section */

/* Begin XCConfigurationList section */
		3AD7922F25B3D4CAA4629ECA /* Build configuration list for PBXNativeTarget "PeersTouch" */ = {
			isa = XCConfigurationList;
			buildConfigurations = (
				96F5251B1BBBA8E3948B84A0 /* Debug */,
				8A05F004866366916435CA4A /* Release */,
			);
			defaultConfigurationIsVisible = 0;
			defaultConfigurationName = Debug;
		};
		D6F4D55844B0A5D4D9B2BBD0 /* Build configuration list for PBXProject "PeersTouch" */ = {
			isa = XCConfigurationList;
			buildConfigurations = (
				14A5E9E59BBC4C6972FD3BE8 /* Debug */,
				76AEF850BDF5F05469D5B0A9 /* Release */,
			);
			defaultConfigurationIsVisible = 0;
			defaultConfigurationName = Debug;
		};
/* End XCConfigurationList section */
	};
	rootObject = E142C7CA4F5420A25DBCF9D6 /* Project object */;
}
